
Microsoft Visual Studio Solution File, Format Version 12.00
# Visual Studio Version 16
VisualStudioVersion = 16.0.31402.337
MinimumVisualStudioVersion = 10.0.40219.1
Project("{FAE04EC0-301F-11D3-BF4B-00C04F79EFBC}") = "GraphicsEditorDBD", "GraphicsEditorDBD\GraphicsEditorDBD.csproj", "{BAD2D5D3-AFDB-4ED3-874C-8D4444A871DF}"
EndProject
Global
	GlobalSection(SolutionConfigurationPlatforms) = preSolution
		Debug|Any CPU = Debug|Any CPU
		Release|Any CPU = Release|Any CPU
	EndGlobalSection
	GlobalSection(ProjectConfigurationPlatforms) = postSolution
		{BAD2D5D3-AFDB-4ED3-874C-8D4444A871DF}.Debug|Any CPU.ActiveCfg = Debug|Any CPU
		{BAD2D5D3-AFDB-4ED3-874C-8D4444A871DF}.Debug|Any CPU.Build.0 = Debug|Any CPU
		{BAD2D5D3-AFDB-4ED3-874C-8D4444A871DF}.Release|Any CPU.ActiveCfg = Release|Any CPU
		{BAD2D5D3-AFDB-4ED3-874C-8D4444A871DF}.Release|Any CPU.Build.0 = Release|Any CPU
	EndGlobalSection
	GlobalSection(SolutionProperties) = preSolution
		HideSolutionNode = FALSE
	EndGlobalSection
	GlobalSection(ExtensibilityGlobals) = postSolution
		SolutionGuid = {A20696EB-697D-4EA2-BE86-E17EB6EA84B6}
	EndGlobalSection
EndGlobal
